// !$*UTF8*$!
{
	archiveVersion = 1;
	classes = {
	};
	objectVersion = 46;
	objects = {

/* Begin PBXBuildFile section */
		968C81DE9328E6A75A8AC465 /* Pods_JodohApp.framework in Frameworks */ = {isa = PBXBuildFile; fileRef = 48551E2C49146AC4FD8BEF85 /* Pods_JodohApp.framework */; };
		FC063FEE1CCDEA2E0097B4C5 /* ExtensionFile.swift in Sources */ = {isa = PBXBuildFile; fileRef = FC063FED1CCDEA2E0097B4C5 /* ExtensionFile.swift */; };
		FC063FF01CCDEBC70097B4C5 /* ExSlideMenuController.swift in Sources */ = {isa = PBXBuildFile; fileRef = FC063FEF1CCDEBC70097B4C5 /* ExSlideMenuController.swift */; };
		FC063FF21CCDED260097B4C5 /* LeftMenuViewController.swift in Sources */ = {isa = PBXBuildFile; fileRef = FC063FF11CCDED260097B4C5 /* LeftMenuViewController.swift */; };
		FC07F8CC1CD19FC1001EC8EB /* LoginPageViewController.swift in Sources */ = {isa = PBXBuildFile; fileRef = FC07F8CB1CD19FC1001EC8EB /* LoginPageViewController.swift */; };
		FC087DE51CE4126400236694 /* JodohAppAPI.swift in Sources */ = {isa = PBXBuildFile; fileRef = FC087DE41CE4126400236694 /* JodohAppAPI.swift */; };
		FC087DE71CE42AE100236694 /* Constant.swift in Sources */ = {isa = PBXBuildFile; fileRef = FC087DE61CE42AE100236694 /* Constant.swift */; };
		FC0B190D1CF2BB5700449FEE /* SaveImageViewController.swift in Sources */ = {isa = PBXBuildFile; fileRef = FC0B190C1CF2BB5700449FEE /* SaveImageViewController.swift */; };
		FC0CDD621D22253200319B33 /* PhotoGalleryViewController.swift in Sources */ = {isa = PBXBuildFile; fileRef = FC0CDD611D22253200319B33 /* PhotoGalleryViewController.swift */; };
		FC0CDD641D22254900319B33 /* PhotoGallery.storyboard in Resources */ = {isa = PBXBuildFile; fileRef = FC0CDD631D22254900319B33 /* PhotoGallery.storyboard */; };
		FC0CDD661D22255B00319B33 /* Favourite.storyboard in Resources */ = {isa = PBXBuildFile; fileRef = FC0CDD651D22255B00319B33 /* Favourite.storyboard */; };
		FC0CDD681D22257100319B33 /* FavouriteViewController.swift in Sources */ = {isa = PBXBuildFile; fileRef = FC0CDD671D22257100319B33 /* FavouriteViewController.swift */; };
		FC1CFEF61CE2C9FF006B508C /* BaseViewController.swift in Sources */ = {isa = PBXBuildFile; fileRef = FC1CFEF51CE2C9FF006B508C /* BaseViewController.swift */; };
		FC1CFEF81CE2D37E006B508C /* BaseXLFormViewController.swift in Sources */ = {isa = PBXBuildFile; fileRef = FC1CFEF71CE2D37E006B508C /* BaseXLFormViewController.swift */; };
		FC1CFEFA1CE2DCE5006B508C /* PasswordExpiredViewController.swift in Sources */ = {isa = PBXBuildFile; fileRef = FC1CFEF91CE2DCE5006B508C /* PasswordExpiredViewController.swift */; };
		FC3658791D20EC08005013E8 /* PackageListViewController.swift in Sources */ = {isa = PBXBuildFile; fileRef = FC3658781D20EC08005013E8 /* PackageListViewController.swift */; };
		FC7DC7BE1CFBE3B80069767D /* ForgetPasswordViewController.swift in Sources */ = {isa = PBXBuildFile; fileRef = FC7DC7BD1CFBE3B80069767D /* ForgetPasswordViewController.swift */; };
		FC8550451CCF72D80054DD4A /* Register.storyboard in Resources */ = {isa = PBXBuildFile; fileRef = FC8550441CCF72D80054DD4A /* Register.storyboard */; };
		FC8550471CCF72EC0054DD4A /* RegisterViewController.swift in Sources */ = {isa = PBXBuildFile; fileRef = FC8550461CCF72EC0054DD4A /* RegisterViewController.swift */; };
		FC8550491CCF9A280054DD4A /* Login.storyboard in Resources */ = {isa = PBXBuildFile; fileRef = FC8550481CCF9A280054DD4A /* Login.storyboard */; };
		FC8A8B801CFC294600617088 /* UIImageView+Round.swift in Sources */ = {isa = PBXBuildFile; fileRef = FC8A8B7F1CFC294600617088 /* UIImageView+Round.swift */; };
		FC99E0761D0174D80063A013 /* preloader.gif in Resources */ = {isa = PBXBuildFile; fileRef = FC99E0751D0174D80063A013 /* preloader.gif */; };
		FC99E0781D0175600063A013 /* cj_loading.gif in Resources */ = {isa = PBXBuildFile; fileRef = FC99E0771D0175600063A013 /* cj_loading.gif */; };
		FC99E07A1D0175CE0063A013 /* LoadingScreen.storyboard in Resources */ = {isa = PBXBuildFile; fileRef = FC99E0791D0175CE0063A013 /* LoadingScreen.storyboard */; };
		FC99E07C1D0176020063A013 /* LoadingScreenViewController.swift in Sources */ = {isa = PBXBuildFile; fileRef = FC99E07B1D0176020063A013 /* LoadingScreenViewController.swift */; };
		FC99E07E1D017BA40063A013 /* LoadingScreen.swift in Sources */ = {isa = PBXBuildFile; fileRef = FC99E07D1D017BA40063A013 /* LoadingScreen.swift */; };
		FCA16AAD1CCF569800FFC839 /* LoginViewController.swift in Sources */ = {isa = PBXBuildFile; fileRef = FCA16AAC1CCF569800FFC839 /* LoginViewController.swift */; };
		FCA4D95E1CE1C1AC00324FBF /* SideMenuTableViewCell.swift in Sources */ = {isa = PBXBuildFile; fileRef = FCA4D95D1CE1C1AC00324FBF /* SideMenuTableViewCell.swift */; };
		FCAAA9F11CED3C4B000FE3F3 /* Roboto-Regular.ttf in Resources */ = {isa = PBXBuildFile; fileRef = FCAAA9F01CED3C4B000FE3F3 /* Roboto-Regular.ttf */; };
		FCB26C071CEC46C70006F23D /* HeaderSideMenu.xib in Resources */ = {isa = PBXBuildFile; fileRef = FCB26C061CEC46C70006F23D /* HeaderSideMenu.xib */; };
		FCB26C091CEC48D10006F23D /* HeaderSideMenu.swift in Sources */ = {isa = PBXBuildFile; fileRef = FCB26C081CEC48D10006F23D /* HeaderSideMenu.swift */; };
		FCB26C0B1CEC6EB70006F23D /* ALHAMBRA.TTF in Resources */ = {isa = PBXBuildFile; fileRef = FCB26C0A1CEC6EB70006F23D /* ALHAMBRA.TTF */; };
		FCC839001CD1DED6008D1653 /* MyProfileViewController.swift in Sources */ = {isa = PBXBuildFile; fileRef = FCC838FF1CD1DED6008D1653 /* MyProfileViewController.swift */; };
		FCC839021CD1DEEB008D1653 /* MyProfile.storyboard in Resources */ = {isa = PBXBuildFile; fileRef = FCC839011CD1DEEB008D1653 /* MyProfile.storyboard */; };
		FCCA889D1CF302D9007CB0C9 /* CustomCellsController.swift in Sources */ = {isa = PBXBuildFile; fileRef = FCCA889C1CF302D9007CB0C9 /* CustomCellsController.swift */; };
		FCF3BD701D1923CD00EAE220 /* AboutUs.storyboard in Resources */ = {isa = PBXBuildFile; fileRef = FCF3BD6F1D1923CD00EAE220 /* AboutUs.storyboard */; };
		FCF3BD721D1923F700EAE220 /* AboutUsViewController.swift in Sources */ = {isa = PBXBuildFile; fileRef = FCF3BD711D1923F700EAE220 /* AboutUsViewController.swift */; };
		FCF3BD761D1931B700EAE220 /* PackageViewController.swift in Sources */ = {isa = PBXBuildFile; fileRef = FCF3BD751D1931B700EAE220 /* PackageViewController.swift */; };
		FCF3BD781D1931C700EAE220 /* Package.storyboard in Resources */ = {isa = PBXBuildFile; fileRef = FCF3BD771D1931C700EAE220 /* Package.storyboard */; };
		FCFA85C41CC86FAE000F9B3B /* AppDelegate.swift in Sources */ = {isa = PBXBuildFile; fileRef = FCFA85C31CC86FAE000F9B3B /* AppDelegate.swift */; };
		FCFA85C61CC86FAE000F9B3B /* ViewController.swift in Sources */ = {isa = PBXBuildFile; fileRef = FCFA85C51CC86FAE000F9B3B /* ViewController.swift */; };
		FCFA85C91CC86FAF000F9B3B /* Main.storyboard in Resources */ = {isa = PBXBuildFile; fileRef = FCFA85C71CC86FAF000F9B3B /* Main.storyboard */; };
		FCFA85CB1CC86FAF000F9B3B /* Assets.xcassets in Resources */ = {isa = PBXBuildFile; fileRef = FCFA85CA1CC86FAF000F9B3B /* Assets.xcassets */; };
		FCFA85CE1CC86FAF000F9B3B /* LaunchScreen.storyboard in Resources */ = {isa = PBXBuildFile; fileRef = FCFA85CC1CC86FAF000F9B3B /* LaunchScreen.storyboard */; };
		FCFA85E51CC878BC000F9B3B /* MyCollectionViewCell.swift in Sources */ = {isa = PBXBuildFile; fileRef = FCFA85E41CC878BC000F9B3B /* MyCollectionViewCell.swift */; };
		FCFA85EA1CC88BA3000F9B3B /* greenBubble.png in Resources */ = {isa = PBXBuildFile; fileRef = FCFA85E91CC88BA3000F9B3B /* greenBubble.png */; };
		FCFA85EC1CC88F76000F9B3B /* ProfileDetailViewController.swift in Sources */ = {isa = PBXBuildFile; fileRef = FCFA85EB1CC88F76000F9B3B /* ProfileDetailViewController.swift */; };
/* End PBXBuildFile section */

/* Begin PBXFileReference section */
		48551E2C49146AC4FD8BEF85 /* Pods_JodohApp.framework */ = {isa = PBXFileReference; explicitFileType = wrapper.framework; includeInIndex = 0; path = Pods_JodohApp.framework; sourceTree = BUILT_PRODUCTS_DIR; };
		784655437F1DB91D4B0EA235 /* Pods-JodohApp.release.xcconfig */ = {isa = PBXFileReference; includeInIndex = 1; lastKnownFileType = text.xcconfig; name = "Pods-JodohApp.release.xcconfig"; path = "Pods/Target Support Files/Pods-JodohApp/Pods-JodohApp.release.xcconfig"; sourceTree = "<group>"; };
		DE0677F1FF237FAC415BA127 /* Pods-JodohApp.debug.xcconfig */ = {isa = PBXFileReference; includeInIndex = 1; lastKnownFileType = text.xcconfig; name = "Pods-JodohApp.debug.xcconfig"; path = "Pods/Target Support Files/Pods-JodohApp/Pods-JodohApp.debug.xcconfig"; sourceTree = "<group>"; };
		FC063FED1CCDEA2E0097B4C5 /* ExtensionFile.swift */ = {isa = PBXFileReference; fileEncoding = 4; lastKnownFileType = sourcecode.swift; path = ExtensionFile.swift; sourceTree = "<group>"; };
		FC063FEF1CCDEBC70097B4C5 /* ExSlideMenuController.swift */ = {isa = PBXFileReference; fileEncoding = 4; lastKnownFileType = sourcecode.swift; path = ExSlideMenuController.swift; sourceTree = "<group>"; };
		FC063FF11CCDED260097B4C5 /* LeftMenuViewController.swift */ = {isa = PBXFileReference; fileEncoding = 4; lastKnownFileType = sourcecode.swift; path = LeftMenuViewController.swift; sourceTree = "<group>"; };
		FC07F8CB1CD19FC1001EC8EB /* LoginPageViewController.swift */ = {isa = PBXFileReference; fileEncoding = 4; lastKnownFileType = sourcecode.swift; path = LoginPageViewController.swift; sourceTree = "<group>"; };
		FC087DE41CE4126400236694 /* JodohAppAPI.swift */ = {isa = PBXFileReference; fileEncoding = 4; lastKnownFileType = sourcecode.swift; path = JodohAppAPI.swift; sourceTree = "<group>"; };
		FC087DE61CE42AE100236694 /* Constant.swift */ = {isa = PBXFileReference; fileEncoding = 4; lastKnownFileType = sourcecode.swift; path = Constant.swift; sourceTree = "<group>"; };
		FC0B190C1CF2BB5700449FEE /* SaveImageViewController.swift */ = {isa = PBXFileReference; fileEncoding = 4; lastKnownFileType = sourcecode.swift; path = SaveImageViewController.swift; sourceTree = "<group>"; };
		FC0CDD611D22253200319B33 /* PhotoGalleryViewController.swift */ = {isa = PBXFileReference; fileEncoding = 4; lastKnownFileType = sourcecode.swift; path = PhotoGalleryViewController.swift; sourceTree = "<group>"; };
		FC0CDD631D22254900319B33 /* PhotoGallery.storyboard */ = {isa = PBXFileReference; fileEncoding = 4; lastKnownFileType = file.storyboard; path = PhotoGallery.storyboard; sourceTree = "<group>"; };
		FC0CDD651D22255B00319B33 /* Favourite.storyboard */ = {isa = PBXFileReference; fileEncoding = 4; lastKnownFileType = file.storyboard; path = Favourite.storyboard; sourceTree = "<group>"; };
		FC0CDD671D22257100319B33 /* FavouriteViewController.swift */ = {isa = PBXFileReference; fileEncoding = 4; lastKnownFileType = sourcecode.swift; path = FavouriteViewController.swift; sourceTree = "<group>"; };
		FC1CFEF51CE2C9FF006B508C /* BaseViewController.swift */ = {isa = PBXFileReference; fileEncoding = 4; lastKnownFileType = sourcecode.swift; path = BaseViewController.swift; sourceTree = "<group>"; };
		FC1CFEF71CE2D37E006B508C /* BaseXLFormViewController.swift */ = {isa = PBXFileReference; fileEncoding = 4; lastKnownFileType = sourcecode.swift; path = BaseXLFormViewController.swift; sourceTree = "<group>"; };
		FC1CFEF91CE2DCE5006B508C /* PasswordExpiredViewController.swift */ = {isa = PBXFileReference; fileEncoding = 4; lastKnownFileType = sourcecode.swift; path = PasswordExpiredViewController.swift; sourceTree = "<group>"; };
		FC3658781D20EC08005013E8 /* PackageListViewController.swift */ = {isa = PBXFileReference; fileEncoding = 4; lastKnownFileType = sourcecode.swift; path = PackageListViewController.swift; sourceTree = "<group>"; };
		FC7DC7BD1CFBE3B80069767D /* ForgetPasswordViewController.swift */ = {isa = PBXFileReference; fileEncoding = 4; lastKnownFileType = sourcecode.swift; path = ForgetPasswordViewController.swift; sourceTree = "<group>"; };
		FC8550441CCF72D80054DD4A /* Register.storyboard */ = {isa = PBXFileReference; fileEncoding = 4; lastKnownFileType = file.storyboard; path = Register.storyboard; sourceTree = "<group>"; };
		FC8550461CCF72EC0054DD4A /* RegisterViewController.swift */ = {isa = PBXFileReference; fileEncoding = 4; lastKnownFileType = sourcecode.swift; path = RegisterViewController.swift; sourceTree = "<group>"; };
		FC8550481CCF9A280054DD4A /* Login.storyboard */ = {isa = PBXFileReference; fileEncoding = 4; lastKnownFileType = file.storyboard; path = Login.storyboard; sourceTree = "<group>"; };
		FC8A8B7F1CFC294600617088 /* UIImageView+Round.swift */ = {isa = PBXFileReference; fileEncoding = 4; lastKnownFileType = sourcecode.swift; path = "UIImageView+Round.swift"; sourceTree = "<group>"; };
		FC99E0751D0174D80063A013 /* preloader.gif */ = {isa = PBXFileReference; lastKnownFileType = image.gif; path = preloader.gif; sourceTree = "<group>"; };
		FC99E0771D0175600063A013 /* cj_loading.gif */ = {isa = PBXFileReference; lastKnownFileType = image.gif; path = cj_loading.gif; sourceTree = "<group>"; };
		FC99E0791D0175CE0063A013 /* LoadingScreen.storyboard */ = {isa = PBXFileReference; fileEncoding = 4; lastKnownFileType = file.storyboard; path = LoadingScreen.storyboard; sourceTree = "<group>"; };
		FC99E07B1D0176020063A013 /* LoadingScreenViewController.swift */ = {isa = PBXFileReference; fileEncoding = 4; lastKnownFileType = sourcecode.swift; path = LoadingScreenViewController.swift; sourceTree = "<group>"; };
		FC99E07D1D017BA40063A013 /* LoadingScreen.swift */ = {isa = PBXFileReference; fileEncoding = 4; lastKnownFileType = sourcecode.swift; path = LoadingScreen.swift; sourceTree = "<group>"; };
		FCA16AAC1CCF569800FFC839 /* LoginViewController.swift */ = {isa = PBXFileReference; fileEncoding = 4; lastKnownFileType = sourcecode.swift; path = LoginViewController.swift; sourceTree = "<group>"; };
		FCA4D95D1CE1C1AC00324FBF /* SideMenuTableViewCell.swift */ = {isa = PBXFileReference; fileEncoding = 4; lastKnownFileType = sourcecode.swift; path = SideMenuTableViewCell.swift; sourceTree = "<group>"; };
		FCAAA9F01CED3C4B000FE3F3 /* Roboto-Regular.ttf */ = {isa = PBXFileReference; lastKnownFileType = file; path = "Roboto-Regular.ttf"; sourceTree = "<group>"; };
		FCB26C061CEC46C70006F23D /* HeaderSideMenu.xib */ = {isa = PBXFileReference; fileEncoding = 4; lastKnownFileType = file.xib; path = HeaderSideMenu.xib; sourceTree = "<group>"; };
		FCB26C081CEC48D10006F23D /* HeaderSideMenu.swift */ = {isa = PBXFileReference; fileEncoding = 4; lastKnownFileType = sourcecode.swift; path = HeaderSideMenu.swift; sourceTree = "<group>"; };
		FCB26C0A1CEC6EB70006F23D /* ALHAMBRA.TTF */ = {isa = PBXFileReference; lastKnownFileType = file; path = ALHAMBRA.TTF; sourceTree = "<group>"; };
		FCC838FF1CD1DED6008D1653 /* MyProfileViewController.swift */ = {isa = PBXFileReference; fileEncoding = 4; lastKnownFileType = sourcecode.swift; path = MyProfileViewController.swift; sourceTree = "<group>"; };
		FCC839011CD1DEEB008D1653 /* MyProfile.storyboard */ = {isa = PBXFileReference; fileEncoding = 4; lastKnownFileType = file.storyboard; path = MyProfile.storyboard; sourceTree = "<group>"; };
		FCCA889C1CF302D9007CB0C9 /* CustomCellsController.swift */ = {isa = PBXFileReference; fileEncoding = 4; lastKnownFileType = sourcecode.swift; path = CustomCellsController.swift; sourceTree = "<group>"; };
		FCF3BD6F1D1923CD00EAE220 /* AboutUs.storyboard */ = {isa = PBXFileReference; fileEncoding = 4; lastKnownFileType = file.storyboard; path = AboutUs.storyboard; sourceTree = "<group>"; };
		FCF3BD711D1923F700EAE220 /* AboutUsViewController.swift */ = {isa = PBXFileReference; fileEncoding = 4; lastKnownFileType = sourcecode.swift; path = AboutUsViewController.swift; sourceTree = "<group>"; };
		FCF3BD751D1931B700EAE220 /* PackageViewController.swift */ = {isa = PBXFileReference; fileEncoding = 4; lastKnownFileType = sourcecode.swift; path = PackageViewController.swift; sourceTree = "<group>"; };
		FCF3BD771D1931C700EAE220 /* Package.storyboard */ = {isa = PBXFileReference; fileEncoding = 4; lastKnownFileType = file.storyboard; path = Package.storyboard; sourceTree = "<group>"; };
		FCFA85C01CC86FAE000F9B3B /* Cari Jodoh.app */ = {isa = PBXFileReference; explicitFileType = wrapper.application; includeInIndex = 0; path = "Cari Jodoh.app"; sourceTree = BUILT_PRODUCTS_DIR; };
		FCFA85C31CC86FAE000F9B3B /* AppDelegate.swift */ = {isa = PBXFileReference; lastKnownFileType = sourcecode.swift; path = AppDelegate.swift; sourceTree = "<group>"; };
		FCFA85C51CC86FAE000F9B3B /* ViewController.swift */ = {isa = PBXFileReference; lastKnownFileType = sourcecode.swift; path = ViewController.swift; sourceTree = "<group>"; };
		FCFA85C81CC86FAF000F9B3B /* Base */ = {isa = PBXFileReference; lastKnownFileType = file.storyboard; name = Base; path = Base.lproj/Main.storyboard; sourceTree = "<group>"; };
		FCFA85CA1CC86FAF000F9B3B /* Assets.xcassets */ = {isa = PBXFileReference; lastKnownFileType = folder.assetcatalog; path = Assets.xcassets; sourceTree = "<group>"; };
		FCFA85CD1CC86FAF000F9B3B /* Base */ = {isa = PBXFileReference; lastKnownFileType = file.storyboard; name = Base; path = Base.lproj/LaunchScreen.storyboard; sourceTree = "<group>"; };
		FCFA85CF1CC86FAF000F9B3B /* Info.plist */ = {isa = PBXFileReference; lastKnownFileType = text.plist.xml; path = Info.plist; sourceTree = "<group>"; };
		FCFA85E41CC878BC000F9B3B /* MyCollectionViewCell.swift */ = {isa = PBXFileReference; fileEncoding = 4; lastKnownFileType = sourcecode.swift; path = MyCollectionViewCell.swift; sourceTree = "<group>"; };
		FCFA85E91CC88BA3000F9B3B /* greenBubble.png */ = {isa = PBXFileReference; lastKnownFileType = image.png; path = greenBubble.png; sourceTree = "<group>"; };
		FCFA85EB1CC88F76000F9B3B /* ProfileDetailViewController.swift */ = {isa = PBXFileReference; fileEncoding = 4; lastKnownFileType = sourcecode.swift; path = ProfileDetailViewController.swift; sourceTree = "<group>"; };
/* End PBXFileReference section */

/* Begin PBXFrameworksBuildPhase section */
		FCFA85BD1CC86FAE000F9B3B /* Frameworks */ = {
			isa = PBXFrameworksBuildPhase;
			buildActionMask = 2147483647;
			files = (
				968C81DE9328E6A75A8AC465 /* Pods_JodohApp.framework in Frameworks */,
			);
			runOnlyForDeploymentPostprocessing = 0;
		};
/* End PBXFrameworksBuildPhase section */

/* Begin PBXGroup section */
		751A2292E94CBF9DFD1A7E81 /* Pods */ = {
			isa = PBXGroup;
			children = (
				DE0677F1FF237FAC415BA127 /* Pods-JodohApp.debug.xcconfig */,
				784655437F1DB91D4B0EA235 /* Pods-JodohApp.release.xcconfig */,
			);
			name = Pods;
			sourceTree = "<group>";
		};
		DD07BC2E0DB33C5ED14BA33E /* Frameworks */ = {
			isa = PBXGroup;
			children = (
				48551E2C49146AC4FD8BEF85 /* Pods_JodohApp.framework */,
			);
			name = Frameworks;
			sourceTree = "<group>";
		};
		FC087DE31CE4121F00236694 /* Helper */ = {
			isa = PBXGroup;
			children = (
				FC087DE41CE4126400236694 /* JodohAppAPI.swift */,
				FC8A8B7F1CFC294600617088 /* UIImageView+Round.swift */,
				FC99E07D1D017BA40063A013 /* LoadingScreen.swift */,
			);
			name = Helper;
			sourceTree = "<group>";
		};
		FC0CDD5F1D2224F900319B33 /* Photo Gallery */ = {
			isa = PBXGroup;
			children = (
				FC0CDD611D22253200319B33 /* PhotoGalleryViewController.swift */,
				FC0CDD631D22254900319B33 /* PhotoGallery.storyboard */,
			);
			name = "Photo Gallery";
			sourceTree = "<group>";
		};
		FC0CDD601D22250F00319B33 /* Favourite */ = {
			isa = PBXGroup;
			children = (
				FC0CDD651D22255B00319B33 /* Favourite.storyboard */,
				FC0CDD671D22257100319B33 /* FavouriteViewController.swift */,
			);
			name = Favourite;
			sourceTree = "<group>";
		};
		FC1CFEF41CE2C978006B508C /* BaseView */ = {
			isa = PBXGroup;
			children = (
				FC1CFEF51CE2C9FF006B508C /* BaseViewController.swift */,
				FC1CFEF71CE2D37E006B508C /* BaseXLFormViewController.swift */,
			);
			name = BaseView;
			sourceTree = "<group>";
		};
		FC8550431CCF72BC0054DD4A /* Register */ = {
			isa = PBXGroup;
			children = (
				FC8550441CCF72D80054DD4A /* Register.storyboard */,
				FC8550461CCF72EC0054DD4A /* RegisterViewController.swift */,
			);
			name = Register;
			sourceTree = "<group>";
		};
		FC85504A1CCF9EC50054DD4A /* JodohApp */ = {
			isa = PBXGroup;
			children = (
				FC063FEF1CCDEBC70097B4C5 /* ExSlideMenuController.swift */,
				FCFA85E41CC878BC000F9B3B /* MyCollectionViewCell.swift */,
				FCFA85C71CC86FAF000F9B3B /* Main.storyboard */,
				FCFA85C51CC86FAE000F9B3B /* ViewController.swift */,
				FC063FED1CCDEA2E0097B4C5 /* ExtensionFile.swift */,
				FCFA85C31CC86FAE000F9B3B /* AppDelegate.swift */,
			);
			name = JodohApp;
			sourceTree = "<group>";
		};
		FC99E0741D01744D0063A013 /* LoadingScreen */ = {
			isa = PBXGroup;
			children = (
				FC99E0771D0175600063A013 /* cj_loading.gif */,
				FC99E0751D0174D80063A013 /* preloader.gif */,
				FC99E0791D0175CE0063A013 /* LoadingScreen.storyboard */,
				FC99E07B1D0176020063A013 /* LoadingScreenViewController.swift */,
			);
			name = LoadingScreen;
			sourceTree = "<group>";
		};
		FCA16AAE1CCF56A500FFC839 /* Login */ = {
			isa = PBXGroup;
			children = (
				FC8550481CCF9A280054DD4A /* Login.storyboard */,
				FC07F8CB1CD19FC1001EC8EB /* LoginPageViewController.swift */,
				FCA16AAC1CCF569800FFC839 /* LoginViewController.swift */,
				FC1CFEF91CE2DCE5006B508C /* PasswordExpiredViewController.swift */,
				FCCA889C1CF302D9007CB0C9 /* CustomCellsController.swift */,
				FC7DC7BD1CFBE3B80069767D /* ForgetPasswordViewController.swift */,
			);
			name = Login;
			sourceTree = "<group>";
		};
		FCA4D95C1CE1C12600324FBF /* CustomCell */ = {
			isa = PBXGroup;
			children = (
				FCA4D95D1CE1C1AC00324FBF /* SideMenuTableViewCell.swift */,
			);
			name = CustomCell;
			sourceTree = "<group>";
		};
		FCB26C051CEC45E10006F23D /* Header */ = {
			isa = PBXGroup;
			children = (
				FCB26C061CEC46C70006F23D /* HeaderSideMenu.xib */,
				FCB26C081CEC48D10006F23D /* HeaderSideMenu.swift */,
			);
			name = Header;
			sourceTree = "<group>";
		};
		FCC838FE1CD1DE3E008D1653 /* MyProfile */ = {
			isa = PBXGroup;
			children = (
				FCC838FF1CD1DED6008D1653 /* MyProfileViewController.swift */,
				FCC839011CD1DEEB008D1653 /* MyProfile.storyboard */,
				FC0B190C1CF2BB5700449FEE /* SaveImageViewController.swift */,
			);
			name = MyProfile;
			sourceTree = "<group>";
		};
		FCDC31401CCF599700F5E041 /* Profile */ = {
			isa = PBXGroup;
			children = (
				FCFA85EB1CC88F76000F9B3B /* ProfileDetailViewController.swift */,
			);
			name = Profile;
			sourceTree = "<group>";
		};
		FCDC31411CCF59D700F5E041 /* LeftMenu */ = {
			isa = PBXGroup;
			children = (
				FC063FF11CCDED260097B4C5 /* LeftMenuViewController.swift */,
			);
			name = LeftMenu;
			sourceTree = "<group>";
		};
		FCF3BD6E1D19239A00EAE220 /* AboutUs */ = {
			isa = PBXGroup;
			children = (
				FCF3BD6F1D1923CD00EAE220 /* AboutUs.storyboard */,
				FCF3BD711D1923F700EAE220 /* AboutUsViewController.swift */,
			);
			name = AboutUs;
			sourceTree = "<group>";
		};
		FCF3BD741D19319F00EAE220 /* Package */ = {
			isa = PBXGroup;
			children = (
				FCF3BD751D1931B700EAE220 /* PackageViewController.swift */,
				FCF3BD771D1931C700EAE220 /* Package.storyboard */,
				FC3658781D20EC08005013E8 /* PackageListViewController.swift */,
			);
			name = Package;
			sourceTree = "<group>";
		};
		FCFA85B71CC86FAE000F9B3B = {
			isa = PBXGroup;
			children = (
				FCFA85C21CC86FAE000F9B3B /* JodohApp */,
				FCFA85C11CC86FAE000F9B3B /* Products */,
				751A2292E94CBF9DFD1A7E81 /* Pods */,
				DD07BC2E0DB33C5ED14BA33E /* Frameworks */,
			);
			sourceTree = "<group>";
		};
		FCFA85C11CC86FAE000F9B3B /* Products */ = {
			isa = PBXGroup;
			children = (
				FCFA85C01CC86FAE000F9B3B /* Cari Jodoh.app */,
			);
			name = Products;
			sourceTree = "<group>";
		};
		FCFA85C21CC86FAE000F9B3B /* JodohApp */ = {
			isa = PBXGroup;
			children = (
				FC0CDD601D22250F00319B33 /* Favourite */,
				FC0CDD5F1D2224F900319B33 /* Photo Gallery */,
				FCF3BD741D19319F00EAE220 /* Package */,
				FCF3BD6E1D19239A00EAE220 /* AboutUs */,
				FC99E0741D01744D0063A013 /* LoadingScreen */,
				FCB26C051CEC45E10006F23D /* Header */,
				FC087DE31CE4121F00236694 /* Helper */,
				FCA4D95C1CE1C12600324FBF /* CustomCell */,
				FC85504A1CCF9EC50054DD4A /* JodohApp */,
				FCC838FE1CD1DE3E008D1653 /* MyProfile */,
				FC8550431CCF72BC0054DD4A /* Register */,
				FCDC31411CCF59D700F5E041 /* LeftMenu */,
				FCDC31401CCF599700F5E041 /* Profile */,
				FC1CFEF41CE2C978006B508C /* BaseView */,
				FCA16AAE1CCF56A500FFC839 /* Login */,
				FCFA85E61CC88637000F9B3B /* SupportFile */,
			);
			path = JodohApp;
			sourceTree = "<group>";
		};
		FCFA85E61CC88637000F9B3B /* SupportFile */ = {
			isa = PBXGroup;
			children = (
				FCB26C0A1CEC6EB70006F23D /* ALHAMBRA.TTF */,
				FCAAA9F01CED3C4B000FE3F3 /* Roboto-Regular.ttf */,
				FCFA85CF1CC86FAF000F9B3B /* Info.plist */,
				FCFA85CA1CC86FAF000F9B3B /* Assets.xcassets */,
				FCFA85CC1CC86FAF000F9B3B /* LaunchScreen.storyboard */,
				FCFA85E91CC88BA3000F9B3B /* greenBubble.png */,
				FC087DE61CE42AE100236694 /* Constant.swift */,
			);
			name = SupportFile;
			sourceTree = "<group>";
		};
/* End PBXGroup section */

/* Begin PBXNativeTarget section */
		FCFA85BF1CC86FAE000F9B3B /* JodohApp */ = {
			isa = PBXNativeTarget;
			buildConfigurationList = FCFA85D21CC86FAF000F9B3B /* Build configuration list for PBXNativeTarget "JodohApp" */;
			buildPhases = (
				98732144261BD014C7B2C96D /* Check Pods Manifest.lock */,
				FCFA85BC1CC86FAE000F9B3B /* Sources */,
				FCFA85BD1CC86FAE000F9B3B /* Frameworks */,
				FCFA85BE1CC86FAE000F9B3B /* Resources */,
				58B80428690763832414B55C /* Embed Pods Frameworks */,
				021DF7480A5C6D4A2C252AB0 /* Copy Pods Resources */,
			);
			buildRules = (
			);
			dependencies = (
			);
			name = JodohApp;
			productName = JodohApp;
			productReference = FCFA85C01CC86FAE000F9B3B /* Cari Jodoh.app */;
			productType = "com.apple.product-type.application";
		};
/* End PBXNativeTarget section */

/* Begin PBXProject section */
		FCFA85B81CC86FAE000F9B3B /* Project object */ = {
			isa = PBXProject;
			attributes = {
				LastSwiftUpdateCheck = 0730;
				LastUpgradeCheck = 0730;
				ORGANIZATIONNAME = intern;
				TargetAttributes = {
					FCFA85BF1CC86FAE000F9B3B = {
						CreatedOnToolsVersion = 7.3;
						DevelopmentTeam = 6S847MQDY3;
					};
				};
			};
			buildConfigurationList = FCFA85BB1CC86FAE000F9B3B /* Build configuration list for PBXProject "JodohApp" */;
			compatibilityVersion = "Xcode 3.2";
			developmentRegion = English;
			hasScannedForEncodings = 0;
			knownRegions = (
				en,
				Base,
			);
			mainGroup = FCFA85B71CC86FAE000F9B3B;
			productRefGroup = FCFA85C11CC86FAE000F9B3B /* Products */;
			projectDirPath = "";
			projectRoot = "";
			targets = (
				FCFA85BF1CC86FAE000F9B3B /* JodohApp */,
			);
		};
/* End PBXProject section */

/* Begin PBXResourcesBuildPhase section */
		FCFA85BE1CC86FAE000F9B3B /* Resources */ = {
			isa = PBXResourcesBuildPhase;
			buildActionMask = 2147483647;
			files = (
				FCF3BD701D1923CD00EAE220 /* AboutUs.storyboard in Resources */,
				FC99E0781D0175600063A013 /* cj_loading.gif in Resources */,
				FCFA85CE1CC86FAF000F9B3B /* LaunchScreen.storyboard in Resources */,
				FCB26C0B1CEC6EB70006F23D /* ALHAMBRA.TTF in Resources */,
				FCAAA9F11CED3C4B000FE3F3 /* Roboto-Regular.ttf in Resources */,
				FC0CDD661D22255B00319B33 /* Favourite.storyboard in Resources */,
				FCF3BD781D1931C700EAE220 /* Package.storyboard in Resources */,
				FCFA85CB1CC86FAF000F9B3B /* Assets.xcassets in Resources */,
				FC8550491CCF9A280054DD4A /* Login.storyboard in Resources */,
				FC0CDD641D22254900319B33 /* PhotoGallery.storyboard in Resources */,
				FC99E0761D0174D80063A013 /* preloader.gif in Resources */,
				FCFA85C91CC86FAF000F9B3B /* Main.storyboard in Resources */,
				FCC839021CD1DEEB008D1653 /* MyProfile.storyboard in Resources */,
				FCFA85EA1CC88BA3000F9B3B /* greenBubble.png in Resources */,
				FC99E07A1D0175CE0063A013 /* LoadingScreen.storyboard in Resources */,
				FCB26C071CEC46C70006F23D /* HeaderSideMenu.xib in Resources */,
				FC8550451CCF72D80054DD4A /* Register.storyboard in Resources */,
			);
			runOnlyForDeploymentPostprocessing = 0;
		};
/* End PBXResourcesBuildPhase section */

/* Begin PBXShellScriptBuildPhase section */
		021DF7480A5C6D4A2C252AB0 /* Copy Pods Resources */ = {
			isa = PBXShellScriptBuildPhase;
			buildActionMask = 2147483647;
			files = (
			);
			inputPaths = (
			);
			name = "Copy Pods Resources";
			outputPaths = (
			);
			runOnlyForDeploymentPostprocessing = 0;
			shellPath = /bin/sh;
			shellScript = "\"${SRCROOT}/Pods/Target Support Files/Pods-JodohApp/Pods-JodohApp-resources.sh\"\n";
			showEnvVarsInLog = 0;
		};
		58B80428690763832414B55C /* Embed Pods Frameworks */ = {
			isa = PBXShellScriptBuildPhase;
			buildActionMask = 2147483647;
			files = (
			);
			inputPaths = (
			);
			name = "Embed Pods Frameworks";
			outputPaths = (
			);
			runOnlyForDeploymentPostprocessing = 0;
			shellPath = /bin/sh;
			shellScript = "\"${SRCROOT}/Pods/Target Support Files/Pods-JodohApp/Pods-JodohApp-frameworks.sh\"\n";
			showEnvVarsInLog = 0;
		};
		98732144261BD014C7B2C96D /* Check Pods Manifest.lock */ = {
			isa = PBXShellScriptBuildPhase;
			buildActionMask = 2147483647;
			files = (
			);
			inputPaths = (
			);
			name = "Check Pods Manifest.lock";
			outputPaths = (
			);
			runOnlyForDeploymentPostprocessing = 0;
			shellPath = /bin/sh;
			shellScript = "diff \"${PODS_ROOT}/../Podfile.lock\" \"${PODS_ROOT}/Manifest.lock\" > /dev/null\nif [[ $? != 0 ]] ; then\n    cat << EOM\nerror: The sandbox is not in sync with the Podfile.lock. Run 'pod install' or update your CocoaPods installation.\nEOM\n    exit 1\nfi\n";
			showEnvVarsInLog = 0;
		};
/* End PBXShellScriptBuildPhase section */

/* Begin PBXSourcesBuildPhase section */
		FCFA85BC1CC86FAE000F9B3B /* Sources */ = {
			isa = PBXSourcesBuildPhase;
			buildActionMask = 2147483647;
			files = (
				FC1CFEF61CE2C9FF006B508C /* BaseViewController.swift in Sources */,
				FC087DE71CE42AE100236694 /* Constant.swift in Sources */,
				FCB26C091CEC48D10006F23D /* HeaderSideMenu.swift in Sources */,
				FC8550471CCF72EC0054DD4A /* RegisterViewController.swift in Sources */,
				FC7DC7BE1CFBE3B80069767D /* ForgetPasswordViewController.swift in Sources */,
				FCF3BD721D1923F700EAE220 /* AboutUsViewController.swift in Sources */,
				FC99E07C1D0176020063A013 /* LoadingScreenViewController.swift in Sources */,
				FCFA85C61CC86FAE000F9B3B /* ViewController.swift in Sources */,
				FC0B190D1CF2BB5700449FEE /* SaveImageViewController.swift in Sources */,
				FCF3BD761D1931B700EAE220 /* PackageViewController.swift in Sources */,
				FCFA85C41CC86FAE000F9B3B /* AppDelegate.swift in Sources */,
				FCA4D95E1CE1C1AC00324FBF /* SideMenuTableViewCell.swift in Sources */,
				FC0CDD621D22253200319B33 /* PhotoGalleryViewController.swift in Sources */,
				FC07F8CC1CD19FC1001EC8EB /* LoginPageViewController.swift in Sources */,
				FCC839001CD1DED6008D1653 /* MyProfileViewController.swift in Sources */,
				FC063FF01CCDEBC70097B4C5 /* ExSlideMenuController.swift in Sources */,
				FC0CDD681D22257100319B33 /* FavouriteViewController.swift in Sources */,
				FC1CFEFA1CE2DCE5006B508C /* PasswordExpiredViewController.swift in Sources */,
				FC8A8B801CFC294600617088 /* UIImageView+Round.swift in Sources */,
				FCFA85EC1CC88F76000F9B3B /* ProfileDetailViewController.swift in Sources */,
				FCA16AAD1CCF569800FFC839 /* LoginViewController.swift in Sources */,
				FC087DE51CE4126400236694 /* JodohAppAPI.swift in Sources */,
				FC063FEE1CCDEA2E0097B4C5 /* ExtensionFile.swift in Sources */,
				FCCA889D1CF302D9007CB0C9 /* CustomCellsController.swift in Sources */,
				FC99E07E1D017BA40063A013 /* LoadingScreen.swift in Sources */,
				FC1CFEF81CE2D37E006B508C /* BaseXLFormViewController.swift in Sources */,
				FC3658791D20EC08005013E8 /* PackageListViewController.swift in Sources */,
				FC063FF21CCDED260097B4C5 /* LeftMenuViewController.swift in Sources */,
				FCFA85E51CC878BC000F9B3B /* MyCollectionViewCell.swift in Sources */,
			);
			runOnlyForDeploymentPostprocessing = 0;
		};
/* End PBXSourcesBuildPhase section */

/* Begin PBXVariantGroup section */
		FCFA85C71CC86FAF000F9B3B /* Main.storyboard */ = {
			isa = PBXVariantGroup;
			children = (
				FCFA85C81CC86FAF000F9B3B /* Base */,
			);
			name = Main.storyboard;
			sourceTree = "<group>";
		};
		FCFA85CC1CC86FAF000F9B3B /* LaunchScreen.storyboard */ = {
			isa = PBXVariantGroup;
			children = (
				FCFA85CD1CC86FAF000F9B3B /* Base */,
			);
			name = LaunchScreen.storyboard;
			sourceTree = "<group>";
		};
/* End PBXVariantGroup section */

/* Begin XCBuildConfiguration section */
		FCFA85D01CC86FAF000F9B3B /* Debug */ = {
			isa = XCBuildConfiguration;
			buildSettings = {
				ALWAYS_SEARCH_USER_PATHS = NO;
				CLANG_ANALYZER_NONNULL = YES;
				CLANG_CXX_LANGUAGE_STANDARD = "gnu++0x";
				CLANG_CXX_LIBRARY = "libc++";
				CLANG_ENABLE_MODULES = YES;
				CLANG_ENABLE_OBJC_ARC = YES;
				CLANG_WARN_BOOL_CONVERSION = YES;
				CLANG_WARN_CONSTANT_CONVERSION = YES;
				CLANG_WARN_DIRECT_OBJC_ISA_USAGE = YES_ERROR;
				CLANG_WARN_EMPTY_BODY = YES;
				CLANG_WARN_ENUM_CONVERSION = YES;
				CLANG_WARN_INT_CONVERSION = YES;
				CLANG_WARN_OBJC_ROOT_CLASS = YES_ERROR;
				CLANG_WARN_UNREACHABLE_CODE = YES;
				CLANG_WARN__DUPLICATE_METHOD_MATCH = YES;
				CODE_SIGN_IDENTITY = "iPhone Developer";
				"CODE_SIGN_IDENTITY[sdk=iphoneos*]" = "iPhone Developer";
				COPY_PHASE_STRIP = NO;
				DEBUG_INFORMATION_FORMAT = dwarf;
				ENABLE_STRICT_OBJC_MSGSEND = YES;
				ENABLE_TESTABILITY = YES;
				GCC_C_LANGUAGE_STANDARD = gnu99;
				GCC_DYNAMIC_NO_PIC = NO;
				GCC_NO_COMMON_BLOCKS = YES;
				GCC_OPTIMIZATION_LEVEL = 0;
				GCC_PREPROCESSOR_DEFINITIONS = (
					"DEBUG=1",
					"$(inherited)",
				);
				GCC_WARN_64_TO_32_BIT_CONVERSION = YES;
				GCC_WARN_ABOUT_RETURN_TYPE = YES_ERROR;
				GCC_WARN_UNDECLARED_SELECTOR = YES;
				GCC_WARN_UNINITIALIZED_AUTOS = YES_AGGRESSIVE;
				GCC_WARN_UNUSED_FUNCTION = YES;
				GCC_WARN_UNUSED_VARIABLE = YES;
				IPHONEOS_DEPLOYMENT_TARGET = 8.0;
				MTL_ENABLE_DEBUG_INFO = YES;
				ONLY_ACTIVE_ARCH = YES;
				PRODUCT_BUNDLE_IDENTIFIER = "com.me-tech.my.JodohApp";
				PROVISIONING_PROFILE = "";
				SDKROOT = iphoneos;
				SWIFT_OPTIMIZATION_LEVEL = "-Onone";
				TARGETED_DEVICE_FAMILY = "1,2";
			};
			name = Debug;
		};
		FCFA85D11CC86FAF000F9B3B /* Release */ = {
			isa = XCBuildConfiguration;
			buildSettings = {
				ALWAYS_SEARCH_USER_PATHS = NO;
				CLANG_ANALYZER_NONNULL = YES;
				CLANG_CXX_LANGUAGE_STANDARD = "gnu++0x";
				CLANG_CXX_LIBRARY = "libc++";
				CLANG_ENABLE_MODULES = YES;
				CLANG_ENABLE_OBJC_ARC = YES;
				CLANG_WARN_BOOL_CONVERSION = YES;
				CLANG_WARN_CONSTANT_CONVERSION = YES;
				CLANG_WARN_DIRECT_OBJC_ISA_USAGE = YES_ERROR;
				CLANG_WARN_EMPTY_BODY = YES;
				CLANG_WARN_ENUM_CONVERSION = YES;
				CLANG_WARN_INT_CONVERSION = YES;
				CLANG_WARN_OBJC_ROOT_CLASS = YES_ERROR;
				CLANG_WARN_UNREACHABLE_CODE = YES;
				CLANG_WARN__DUPLICATE_METHOD_MATCH = YES;
				CODE_SIGN_IDENTITY = "iPhone Developer";
				"CODE_SIGN_IDENTITY[sdk=iphoneos*]" = "iPhone Distribution";
				COPY_PHASE_STRIP = NO;
				DEBUG_INFORMATION_FORMAT = "dwarf-with-dsym";
				ENABLE_NS_ASSERTIONS = NO;
				ENABLE_STRICT_OBJC_MSGSEND = YES;
				GCC_C_LANGUAGE_STANDARD = gnu99;
				GCC_NO_COMMON_BLOCKS = YES;
				GCC_WARN_64_TO_32_BIT_CONVERSION = YES;
				GCC_WARN_ABOUT_RETURN_TYPE = YES_ERROR;
				GCC_WARN_UNDECLARED_SELECTOR = YES;
				GCC_WARN_UNINITIALIZED_AUTOS = YES_AGGRESSIVE;
				GCC_WARN_UNUSED_FUNCTION = YES;
				GCC_WARN_UNUSED_VARIABLE = YES;
				IPHONEOS_DEPLOYMENT_TARGET = 8.0;
				MTL_ENABLE_DEBUG_INFO = NO;
				ONLY_ACTIVE_ARCH = NO;
				PRODUCT_BUNDLE_IDENTIFIER = "com.me-tech.my.JodohApp";
				PROVISIONING_PROFILE = "";
				SDKROOT = iphoneos;
				TARGETED_DEVICE_FAMILY = "1,2";
				VALIDATE_PRODUCT = YES;
			};
			name = Release;
		};
		FCFA85D31CC86FAF000F9B3B /* Debug */ = {
			isa = XCBuildConfiguration;
			baseConfigurationReference = DE0677F1FF237FAC415BA127 /* Pods-JodohApp.debug.xcconfig */;
			buildSettings = {
				ASSETCATALOG_COMPILER_APPICON_NAME = "AppIcon-2";
				CODE_SIGN_IDENTITY = "iPhone Developer";
				"CODE_SIGN_IDENTITY[sdk=iphoneos*]" = "iPhone Developer";
				EMBEDDED_CONTENT_CONTAINS_SWIFT = NO;
				INFOPLIST_FILE = JodohApp/Info.plist;
				IPHONEOS_DEPLOYMENT_TARGET = 8.0;
				LD_RUNPATH_SEARCH_PATHS = "$(inherited) @executable_path/Frameworks";
				PRODUCT_BUNDLE_IDENTIFIER = "com.me-tech.my.JodohApp";
				PRODUCT_NAME = "Cari Jodoh";
				PROVISIONING_PROFILE = "";
				TARGETED_DEVICE_FAMILY = 1;
			};
			name = Debug;
		};
		FCFA85D41CC86FAF000F9B3B /* Release */ = {
			isa = XCBuildConfiguration;
			baseConfigurationReference = 784655437F1DB91D4B0EA235 /* Pods-JodohApp.release.xcconfig */;
			buildSettings = {
				ASSETCATALOG_COMPILER_APPICON_NAME = "AppIcon-2";
				CODE_SIGN_IDENTITY = "iPhone Developer";
				"CODE_SIGN_IDENTITY[sdk=iphoneos*]" = "iPhone Distribution";
				EMBEDDED_CONTENT_CONTAINS_SWIFT = NO;
				INFOPLIST_FILE = JodohApp/Info.plist;
				IPHONEOS_DEPLOYMENT_TARGET = 8.0;
				LD_RUNPATH_SEARCH_PATHS = "$(inherited) @executable_path/Frameworks";
				PRODUCT_BUNDLE_IDENTIFIER = "com.me-tech.my.JodohApp";
				PRODUCT_NAME = "Cari Jodoh";
				PROVISIONING_PROFILE = "";
				TARGETED_DEVICE_FAMILY = 1;
			};
			name = Release;
		};
/* End XCBuildConfiguration section */

/* Begin XCConfigurationList section */
		FCFA85BB1CC86FAE000F9B3B /* Build configuration list for PBXProject "JodohApp" */ = {
			isa = XCConfigurationList;
			buildConfigurations = (
				FCFA85D01CC86FAF000F9B3B /* Debug */,
				FCFA85D11CC86FAF000F9B3B /* Release */,
			);
			defaultConfigurationIsVisible = 0;
			defaultConfigurationName = Release;
		};
		FCFA85D21CC86FAF000F9B3B /* Build configuration list for PBXNativeTarget "JodohApp" */ = {
			isa = XCConfigurationList;
			buildConfigurations = (
				FCFA85D31CC86FAF000F9B3B /* Debug */,
				FCFA85D41CC86FAF000F9B3B /* Release */,
			);
			defaultConfigurationIsVisible = 0;
			defaultConfigurationName = Release;
		};
/* End XCConfigurationList section */
	};
	rootObject = FCFA85B81CC86FAE000F9B3B /* Project object */;
}
